
Microsoft Visual Studio Solution File, Format Version 12.00
# Visual Studio Version 17
VisualStudioVersion = 17.14.36401.2 d17.14
MinimumVisualStudioVersion = 10.0.40219.1
Project("{FAE04EC0-301F-11D3-BF4B-00C04F79EFBC}") = "VehicleManagementSystem.Entity", "VehicleManagementSystem.Entity\VehicleManagementSystem.Entity.csproj", "{141F8059-D3DB-4980-97FD-56AB1B25358F}"
EndProject
Global
	GlobalSection(SolutionConfigurationPlatforms) = preSolution
		Debug|Any CPU = Debug|Any CPU
		Release|Any CPU = Release|Any CPU
	EndGlobalSection
	GlobalSection(ProjectConfigurationPlatforms) = postSolution
		{141F8059-D3DB-4980-97FD-56AB1B25358F}.Debug|Any CPU.ActiveCfg = Debug|Any CPU
		{141F8059-D3DB-4980-97FD-56AB1B25358F}.Debug|Any CPU.Build.0 = Debug|Any CPU
		{141F8059-D3DB-4980-97FD-56AB1B25358F}.Release|Any CPU.ActiveCfg = Release|Any CPU
		{141F8059-D3DB-4980-97FD-56AB1B25358F}.Release|Any CPU.Build.0 = Release|Any CPU
	EndGlobalSection
	GlobalSection(SolutionProperties) = preSolution
		HideSolutionNode = FALSE
	EndGlobalSection
	GlobalSection(ExtensibilityGlobals) = postSolution
		SolutionGuid = {2BA0EB55-4D94-4BB4-924B-300D8D93FBE4}
	EndGlobalSection
EndGlobal
